// !$*UTF8*$!
{
	archiveVersion = 1;
	classes = {
	};
	objectVersion = 56;
	objects = {

/* Begin PBXBuildFile section */
		E302EA60295B387A00538C4D /* M02L12App.swift in Sources */ = {isa = PBXBuildFile; fileRef = E302EA5F295B387A00538C4D /* M02L12App.swift */; };
		E302EA62295B387A00538C4D /* ContentView.swift in Sources */ = {isa = PBXBuildFile; fileRef = E302EA61295B387A00538C4D /* ContentView.swift */; };
		E302EA64295B387B00538C4D /* Assets.xcassets in Resources */ = {isa = PBXBuildFile; fileRef = E302EA63295B387B00538C4D /* Assets.xcassets */; };
		E302EA67295B387B00538C4D /* Preview Assets.xcassets in Resources */ = {isa = PBXBuildFile; fileRef = E302EA66295B387B00538C4D /* Preview Assets.xcassets */; };
		E302EA6F295B38BC00538C4D /* pizzas.json in Resources */ = {isa = PBXBuildFile; fileRef = E302EA6E295B38BC00538C4D /* pizzas.json */; };
		E302EA74295B392300538C4D /* Pizza.swift in Sources */ = {isa = PBXBuildFile; fileRef = E302EA73295B392300538C4D /* Pizza.swift */; };
		E302EA77295B398800538C4D /* PizzaModel.swift in Sources */ = {isa = PBXBuildFile; fileRef = E302EA76295B398800538C4D /* PizzaModel.swift */; };
		E3DCBB7F295DDF5E00FD9E89 /* PizzaDetailView.swift in Sources */ = {isa = PBXBuildFile; fileRef = E3DCBB7E295DDF5E00FD9E89 /* PizzaDetailView.swift */; };
/* End PBXBuildFile section */

/* Begin PBXFileReference section */
		E302EA5C295B387A00538C4D /* M02L12.app */ = {isa = PBXFileReference; explicitFileType = wrapper.application; includeInIndex = 0; path = M02L12.app; sourceTree = BUILT_PRODUCTS_DIR; };
		E302EA5F295B387A00538C4D /* M02L12App.swift */ = {isa = PBXFileReference; lastKnownFileType = sourcecode.swift; path = M02L12App.swift; sourceTree = "<group>"; };
		E302EA61295B387A00538C4D /* ContentView.swift */ = {isa = PBXFileReference; lastKnownFileType = sourcecode.swift; path = ContentView.swift; sourceTree = "<group>"; };
		E302EA63295B387B00538C4D /* Assets.xcassets */ = {isa = PBXFileReference; lastKnownFileType = folder.assetcatalog; path = Assets.xcassets; sourceTree = "<group>"; };
		E302EA66295B387B00538C4D /* Preview Assets.xcassets */ = {isa = PBXFileReference; lastKnownFileType = folder.assetcatalog; path = "Preview Assets.xcassets"; sourceTree = "<group>"; };
		E302EA6E295B38BC00538C4D /* pizzas.json */ = {isa = PBXFileReference; fileEncoding = 4; lastKnownFileType = text.json; name = pizzas.json; path = ../../../pizzas.json; sourceTree = "<group>"; };
		E302EA73295B392300538C4D /* Pizza.swift */ = {isa = PBXFileReference; lastKnownFileType = sourcecode.swift; path = Pizza.swift; sourceTree = "<group>"; };
		E302EA76295B398800538C4D /* PizzaModel.swift */ = {isa = PBXFileReference; lastKnownFileType = sourcecode.swift; path = PizzaModel.swift; sourceTree = "<group>"; };
		E3DCBB7E295DDF5E00FD9E89 /* PizzaDetailView.swift */ = {isa = PBXFileReference; lastKnownFileType = sourcecode.swift; path = PizzaDetailView.swift; sourceTree = "<group>"; };
/* End PBXFileReference section */

/* Begin PBXFrameworksBuildPhase section */
		E302EA59295B387A00538C4D /* Frameworks */ = {
			isa = PBXFrameworksBuildPhase;
			buildActionMask = 2147483647;
			files = (
			);
			runOnlyForDeploymentPostprocessing = 0;
		};
/* End PBXFrameworksBuildPhase section */

/* Begin PBXGroup section */
		E302EA53295B387A00538C4D = {
			isa = PBXGroup;
			children = (
				E302EA5E295B387A00538C4D /* M02L12 */,
				E302EA5D295B387A00538C4D /* Products */,
			);
			sourceTree = "<group>";
		};
		E302EA5D295B387A00538C4D /* Products */ = {
			isa = PBXGroup;
			children = (
				E302EA5C295B387A00538C4D /* M02L12.app */,
			);
			name = Products;
			sourceTree = "<group>";
		};
		E302EA5E295B387A00538C4D /* M02L12 */ = {
			isa = PBXGroup;
			children = (
				E302EA5F295B387A00538C4D /* M02L12App.swift */,
				E302EA78295B3A1000538C4D /* Views */,
				E302EA75295B396900538C4D /* ViewModels */,
				E302EA70295B38D600538C4D /* Models */,
				E302EA6D295B388F00538C4D /* Data */,
				E302EA63295B387B00538C4D /* Assets.xcassets */,
				E302EA65295B387B00538C4D /* Preview Content */,
			);
			path = M02L12;
			sourceTree = "<group>";
		};
		E302EA65295B387B00538C4D /* Preview Content */ = {
			isa = PBXGroup;
			children = (
				E302EA66295B387B00538C4D /* Preview Assets.xcassets */,
			);
			path = "Preview Content";
			sourceTree = "<group>";
		};
		E302EA6D295B388F00538C4D /* Data */ = {
			isa = PBXGroup;
			children = (
				E302EA6E295B38BC00538C4D /* pizzas.json */,
			);
			path = Data;
			sourceTree = "<group>";
		};
		E302EA70295B38D600538C4D /* Models */ = {
			isa = PBXGroup;
			children = (
				E302EA73295B392300538C4D /* Pizza.swift */,
			);
			path = Models;
			sourceTree = "<group>";
		};
		E302EA75295B396900538C4D /* ViewModels */ = {
			isa = PBXGroup;
			children = (
				E302EA76295B398800538C4D /* PizzaModel.swift */,
			);
			path = ViewModels;
			sourceTree = "<group>";
		};
		E302EA78295B3A1000538C4D /* Views */ = {
			isa = PBXGroup;
			children = (
				E302EA61295B387A00538C4D /* ContentView.swift */,
				E3DCBB7E295DDF5E00FD9E89 /* PizzaDetailView.swift */,
			);
			path = Views;
			sourceTree = "<group>";
		};
/* End PBXGroup section */

/* Begin PBXNativeTarget section */
		E302EA5B295B387A00538C4D /* M02L12 */ = {
			isa = PBXNativeTarget;
			buildConfigurationList = E302EA6A295B387B00538C4D /* Build configuration list for PBXNativeTarget "M02L12" */;
			buildPhases = (
				E302EA58295B387A00538C4D /* Sources */,
				E302EA59295B387A00538C4D /* Frameworks */,
				E302EA5A295B387A00538C4D /* Resources */,
			);
			buildRules = (
			);
			dependencies = (
			);
			name = M02L12;
			productName = M02L12;
			productReference = E302EA5C295B387A00538C4D /* M02L12.app */;
			productType = "com.apple.product-type.application";
		};
/* End PBXNativeTarget section */

/* Begin PBXProject section */
		E302EA54295B387A00538C4D /* Project object */ = {
			isa = PBXProject;
			attributes = {
				BuildIndependentTargetsInParallel = 1;
				LastSwiftUpdateCheck = 1420;
				LastUpgradeCheck = 1420;
				TargetAttributes = {
					E302EA5B295B387A00538C4D = {
						CreatedOnToolsVersion = 14.2;
					};
				};
			};
			buildConfigurationList = E302EA57295B387A00538C4D /* Build configuration list for PBXProject "M02L12" */;
			compatibilityVersion = "Xcode 14.0";
			developmentRegion = en;
			hasScannedForEncodings = 0;
			knownRegions = (
				en,
				Base,
			);
			mainGroup = E302EA53295B387A00538C4D;
			productRefGroup = E302EA5D295B387A00538C4D /* Products */;
			projectDirPath = "";
			projectRoot = "";
			targets = (
				E302EA5B295B387A00538C4D /* M02L12 */,
			);
		};
/* End PBXProject section */

/* Begin PBXResourcesBuildPhase section */
		E302EA5A295B387A00538C4D /* Resources */ = {
			isa = PBXResourcesBuildPhase;
			buildActionMask = 2147483647;
			files = (
				E302EA6F295B38BC00538C4D /* pizzas.json in Resources */,
				E302EA67295B387B00538C4D /* Preview Assets.xcassets in Resources */,
				E302EA64295B387B00538C4D /* Assets.xcassets in Resources */,
			);
			runOnlyForDeploymentPostprocessing = 0;
		};
/* End PBXResourcesBuildPhase section */

/* Begin PBXSourcesBuildPhase section */
		E302EA58295B387A00538C4D /* Sources */ = {
			isa = PBXSourcesBuildPhase;
			buildActionMask = 2147483647;
			files = (
				E302EA62295B387A00538C4D /* ContentView.swift in Sources */,
				E302EA60295B387A00538C4D /* M02L12App.swift in Sources */,
				E3DCBB7F295DDF5E00FD9E89 /* PizzaDetailView.swift in Sources */,
				E302EA77295B398800538C4D /* PizzaModel.swift in Sources */,
				E302EA74295B392300538C4D /* Pizza.swift in Sources */,
			);
			runOnlyForDeploymentPostprocessing = 0;
		};
/* End PBXSourcesBuildPhase section */

/* Begin XCBuildConfiguration section */
		E302EA68295B387B00538C4D /* Debug */ = {
			isa = XCBuildConfiguration;
			buildSettings = {
				ALWAYS_SEARCH_USER_PATHS = NO;
				CLANG_ANALYZER_NONNULL = YES;
				CLANG_ANALYZER_NUMBER_OBJECT_CONVERSION = YES_AGGRESSIVE;
				CLANG_CXX_LANGUAGE_STANDARD = "gnu++20";
				CLANG_ENABLE_MODULES = YES;
				CLANG_ENABLE_OBJC_ARC = YES;
				CLANG_ENABLE_OBJC_WEAK = YES;
				CLANG_WARN_BLOCK_CAPTURE_AUTORELEASING = YES;
				CLANG_WARN_BOOL_CONVERSION = YES;
				CLANG_WARN_COMMA = YES;
				CLANG_WARN_CONSTANT_CONVERSION = YES;
				CLANG_WARN_DEPRECATED_OBJC_IMPLEMENTATIONS = YES;
				CLANG_WARN_DIRECT_OBJC_ISA_USAGE = YES_ERROR;
				CLANG_WARN_DOCUMENTATION_COMMENTS = YES;
				CLANG_WARN_EMPTY_BODY = YES;
				CLANG_WARN_ENUM_CONVERSION = YES;
				CLANG_WARN_INFINITE_RECURSION = YES;
				CLANG_WARN_INT_CONVERSION = YES;
				CLANG_WARN_NON_LITERAL_NULL_CONVERSION = YES;
				CLANG_WARN_OBJC_IMPLICIT_RETAIN_SELF = YES;
				CLANG_WARN_OBJC_LITERAL_CONVERSION = YES;
				CLANG_WARN_OBJC_ROOT_CLASS = YES_ERROR;
				CLANG_WARN_QUOTED_INCLUDE_IN_FRAMEWORK_HEADER = YES;
				CLANG_WARN_RANGE_LOOP_ANALYSIS = YES;
				CLANG_WARN_STRICT_PROTOTYPES = YES;
				CLANG_WARN_SUSPICIOUS_MOVE = YES;
				CLANG_WARN_UNGUARDED_AVAILABILITY = YES_AGGRESSIVE;
				CLANG_WARN_UNREACHABLE_CODE = YES;
				CLANG_WARN__DUPLICATE_METHOD_MATCH = YES;
				COPY_PHASE_STRIP = NO;
				DEBUG_INFORMATION_FORMAT = dwarf;
				ENABLE_STRICT_OBJC_MSGSEND = YES;
				ENABLE_TESTABILITY = YES;
				GCC_C_LANGUAGE_STANDARD = gnu11;
				GCC_DYNAMIC_NO_PIC = NO;
				GCC_NO_COMMON_BLOCKS = YES;
				GCC_OPTIMIZATION_LEVEL = 0;
				GCC_PREPROCESSOR_DEFINITIONS = (
					"DEBUG=1",
					"$(inherited)",
				);
				GCC_WARN_64_TO_32_BIT_CONVERSION = YES;
				GCC_WARN_ABOUT_RETURN_TYPE = YES_ERROR;
				GCC_WARN_UNDECLARED_SELECTOR = YES;
				GCC_WARN_UNINITIALIZED_AUTOS = YES_AGGRESSIVE;
				GCC_WARN_UNUSED_FUNCTION = YES;
				GCC_WARN_UNUSED_VARIABLE = YES;
				IPHONEOS_DEPLOYMENT_TARGET = 16.2;
				MTL_ENABLE_DEBUG_INFO = INCLUDE_SOURCE;
				MTL_FAST_MATH = YES;
				ONLY_ACTIVE_ARCH = YES;
				SDKROOT = iphoneos;
				SWIFT_ACTIVE_COMPILATION_CONDITIONS = DEBUG;
				SWIFT_OPTIMIZATION_LEVEL = "-Onone";
			};
			name = Debug;
		};
		E302EA69295B387B00538C4D /* Release */ = {
			isa = XCBuildConfiguration;
			buildSettings = {
				ALWAYS_SEARCH_USER_PATHS = NO;
				CLANG_ANALYZER_NONNULL = YES;
				CLANG_ANALYZER_NUMBER_OBJECT_CONVERSION = YES_AGGRESSIVE;
				CLANG_CXX_LANGUAGE_STANDARD = "gnu++20";
				CLANG_ENABLE_MODULES = YES;
				CLANG_ENABLE_OBJC_ARC = YES;
				CLANG_ENABLE_OBJC_WEAK = YES;
				CLANG_WARN_BLOCK_CAPTURE_AUTORELEASING = YES;
				CLANG_WARN_BOOL_CONVERSION = YES;
				CLANG_WARN_COMMA = YES;
				CLANG_WARN_CONSTANT_CONVERSION = YES;
				CLANG_WARN_DEPRECATED_OBJC_IMPLEMENTATIONS = YES;
				CLANG_WARN_DIRECT_OBJC_ISA_USAGE = YES_ERROR;
				CLANG_WARN_DOCUMENTATION_COMMENTS = YES;
				CLANG_WARN_EMPTY_BODY = YES;
				CLANG_WARN_ENUM_CONVERSION = YES;
				CLANG_WARN_INFINITE_RECURSION = YES;
				CLANG_WARN_INT_CONVERSION = YES;
				CLANG_WARN_NON_LITERAL_NULL_CONVERSION = YES;
				CLANG_WARN_OBJC_IMPLICIT_RETAIN_SELF = YES;
				CLANG_WARN_OBJC_LITERAL_CONVERSION = YES;
				CLANG_WARN_OBJC_ROOT_CLASS = YES_ERROR;
				CLANG_WARN_QUOTED_INCLUDE_IN_FRAMEWORK_HEADER = YES;
				CLANG_WARN_RANGE_LOOP_ANALYSIS = YES;
				CLANG_WARN_STRICT_PROTOTYPES = YES;
				CLANG_WARN_SUSPICIOUS_MOVE = YES;
				CLANG_WARN_UNGUARDED_AVAILABILITY = YES_AGGRESSIVE;
				CLANG_WARN_UNREACHABLE_CODE = YES;
				CLANG_WARN__DUPLICATE_METHOD_MATCH = YES;
				COPY_PHASE_STRIP = NO;
				DEBUG_INFORMATION_FORMAT = "dwarf-with-dsym";
				ENABLE_NS_ASSERTIONS = NO;
				ENABLE_STRICT_OBJC_MSGSEND = YES;
				GCC_C_LANGUAGE_STANDARD = gnu11;
				GCC_NO_COMMON_BLOCKS = YES;
				GCC_WARN_64_TO_32_BIT_CONVERSION = YES;
				GCC_WARN_ABOUT_RETURN_TYPE = YES_ERROR;
				GCC_WARN_UNDECLARED_SELECTOR = YES;
				GCC_WARN_UNINITIALIZED_AUTOS = YES_AGGRESSIVE;
				GCC_WARN_UNUSED_FUNCTION = YES;
				GCC_WARN_UNUSED_VARIABLE = YES;
				IPHONEOS_DEPLOYMENT_TARGET = 16.2;
				MTL_ENABLE_DEBUG_INFO = NO;
				MTL_FAST_MATH = YES;
				SDKROOT = iphoneos;
				SWIFT_COMPILATION_MODE = wholemodule;
				SWIFT_OPTIMIZATION_LEVEL = "-O";
				VALIDATE_PRODUCT = YES;
			};
			name = Release;
		};
		E302EA6B295B387B00538C4D /* Debug */ = {
			isa = XCBuildConfiguration;
			buildSettings = {
				ASSETCATALOG_COMPILER_APPICON_NAME = AppIcon;
				ASSETCATALOG_COMPILER_GLOBAL_ACCENT_COLOR_NAME = AccentColor;
				CODE_SIGN_STYLE = Automatic;
				CURRENT_PROJECT_VERSION = 1;
				DEVELOPMENT_ASSET_PATHS = "\"M02L12/Preview Content\"";
				ENABLE_PREVIEWS = YES;
				GENERATE_INFOPLIST_FILE = YES;
				INFOPLIST_KEY_UIApplicationSceneManifest_Generation = YES;
				INFOPLIST_KEY_UIApplicationSupportsIndirectInputEvents = YES;
				INFOPLIST_KEY_UILaunchScreen_Generation = YES;
				INFOPLIST_KEY_UISupportedInterfaceOrientations_iPad = "UIInterfaceOrientationPortrait UIInterfaceOrientationPortraitUpsideDown UIInterfaceOrientationLandscapeLeft UIInterfaceOrientationLandscapeRight";
				INFOPLIST_KEY_UISupportedInterfaceOrientations_iPhone = "UIInterfaceOrientationPortrait UIInterfaceOrientationLandscapeLeft UIInterfaceOrientationLandscapeRight";
				LD_RUNPATH_SEARCH_PATHS = (
					"$(inherited)",
					"@executable_path/Frameworks",
				);
				MARKETING_VERSION = 1.0;
				PRODUCT_BUNDLE_IDENTIFIER = jcalderita.M02L12;
				PRODUCT_NAME = "$(TARGET_NAME)";
				SWIFT_EMIT_LOC_STRINGS = YES;
				SWIFT_VERSION = 5.0;
				TARGETED_DEVICE_FAMILY = "1,2";
			};
			name = Debug;
		};
		E302EA6C295B387B00538C4D /* Release */ = {
			isa = XCBuildConfiguration;
			buildSettings = {
				ASSETCATALOG_COMPILER_APPICON_NAME = AppIcon;
				ASSETCATALOG_COMPILER_GLOBAL_ACCENT_COLOR_NAME = AccentColor;
				CODE_SIGN_STYLE = Automatic;
				CURRENT_PROJECT_VERSION = 1;
				DEVELOPMENT_ASSET_PATHS = "\"M02L12/Preview Content\"";
				ENABLE_PREVIEWS = YES;
				GENERATE_INFOPLIST_FILE = YES;
				INFOPLIST_KEY_UIApplicationSceneManifest_Generation = YES;
				INFOPLIST_KEY_UIApplicationSupportsIndirectInputEvents = YES;
				INFOPLIST_KEY_UILaunchScreen_Generation = YES;
				INFOPLIST_KEY_UISupportedInterfaceOrientations_iPad = "UIInterfaceOrientationPortrait UIInterfaceOrientationPortraitUpsideDown UIInterfaceOrientationLandscapeLeft UIInterfaceOrientationLandscapeRight";
				INFOPLIST_KEY_UISupportedInterfaceOrientations_iPhone = "UIInterfaceOrientationPortrait UIInterfaceOrientationLandscapeLeft UIInterfaceOrientationLandscapeRight";
				LD_RUNPATH_SEARCH_PATHS = (
					"$(inherited)",
					"@executable_path/Frameworks",
				);
				MARKETING_VERSION = 1.0;
				PRODUCT_BUNDLE_IDENTIFIER = jcalderita.M02L12;
				PRODUCT_NAME = "$(TARGET_NAME)";
				SWIFT_EMIT_LOC_STRINGS = YES;
				SWIFT_VERSION = 5.0;
				TARGETED_DEVICE_FAMILY = "1,2";
			};
			name = Release;
		};
/* End XCBuildConfiguration section */

/* Begin XCConfigurationList section */
		E302EA57295B387A00538C4D /* Build configuration list for PBXProject "M02L12" */ = {
			isa = XCConfigurationList;
			buildConfigurations = (
				E302EA68295B387B00538C4D /* Debug */,
				E302EA69295B387B00538C4D /* Release */,
			);
			defaultConfigurationIsVisible = 0;
			defaultConfigurationName = Release;
		};
		E302EA6A295B387B00538C4D /* Build configuration list for PBXNativeTarget "M02L12" */ = {
			isa = XCConfigurationList;
			buildConfigurations = (
				E302EA6B295B387B00538C4D /* Debug */,
				E302EA6C295B387B00538C4D /* Release */,
			);
			defaultConfigurationIsVisible = 0;
			defaultConfigurationName = Release;
		};
/* End XCConfigurationList section */
	};
	rootObject = E302EA54295B387A00538C4D /* Project object */;
}
