// !$*UTF8*$!
{
	archiveVersion = 1;
	classes = {
	};
	objectVersion = 56;
	objects = {

/* Begin PBXBuildFile section */
		E3CFEC1A2969BB65004D4074 /* M04L15App.swift in Sources */ = {isa = PBXBuildFile; fileRef = E3CFEC192969BB65004D4074 /* M04L15App.swift */; };
		E3CFEC1C2969BB65004D4074 /* LibraryView.swift in Sources */ = {isa = PBXBuildFile; fileRef = E3CFEC1B2969BB65004D4074 /* LibraryView.swift */; };
		E3CFEC1E2969BB66004D4074 /* Assets.xcassets in Resources */ = {isa = PBXBuildFile; fileRef = E3CFEC1D2969BB66004D4074 /* Assets.xcassets */; };
		E3CFEC212969BB66004D4074 /* Preview Assets.xcassets in Resources */ = {isa = PBXBuildFile; fileRef = E3CFEC202969BB66004D4074 /* Preview Assets.xcassets */; };
		E3CFEC2C2969BC2A004D4074 /* Data.json in Resources */ = {isa = PBXBuildFile; fileRef = E3CFEC2B2969BC2A004D4074 /* Data.json */; };
		E3CFEC2E2969BC5A004D4074 /* Book.swift in Sources */ = {isa = PBXBuildFile; fileRef = E3CFEC2D2969BC5A004D4074 /* Book.swift */; };
		E3CFEC312969BDD8004D4074 /* DataService.swift in Sources */ = {isa = PBXBuildFile; fileRef = E3CFEC302969BDD8004D4074 /* DataService.swift */; };
		E3CFEC352969C03C004D4074 /* BookModel.swift in Sources */ = {isa = PBXBuildFile; fileRef = E3CFEC342969C03C004D4074 /* BookModel.swift */; };
		E3CFEC372969C9AB004D4074 /* BookView.swift in Sources */ = {isa = PBXBuildFile; fileRef = E3CFEC362969C9AB004D4074 /* BookView.swift */; };
		E3CFEC392969CD49004D4074 /* BookDetailView.swift in Sources */ = {isa = PBXBuildFile; fileRef = E3CFEC382969CD49004D4074 /* BookDetailView.swift */; };
		E3CFEC3B2969D054004D4074 /* BookPages.swift in Sources */ = {isa = PBXBuildFile; fileRef = E3CFEC3A2969D054004D4074 /* BookPages.swift */; };
/* End PBXBuildFile section */

/* Begin PBXFileReference section */
		E3CFEC162969BB65004D4074 /* M04L15.app */ = {isa = PBXFileReference; explicitFileType = wrapper.application; includeInIndex = 0; path = M04L15.app; sourceTree = BUILT_PRODUCTS_DIR; };
		E3CFEC192969BB65004D4074 /* M04L15App.swift */ = {isa = PBXFileReference; lastKnownFileType = sourcecode.swift; path = M04L15App.swift; sourceTree = "<group>"; };
		E3CFEC1B2969BB65004D4074 /* LibraryView.swift */ = {isa = PBXFileReference; lastKnownFileType = sourcecode.swift; path = LibraryView.swift; sourceTree = "<group>"; };
		E3CFEC1D2969BB66004D4074 /* Assets.xcassets */ = {isa = PBXFileReference; lastKnownFileType = folder.assetcatalog; path = Assets.xcassets; sourceTree = "<group>"; };
		E3CFEC202969BB66004D4074 /* Preview Assets.xcassets */ = {isa = PBXFileReference; lastKnownFileType = folder.assetcatalog; path = "Preview Assets.xcassets"; sourceTree = "<group>"; };
		E3CFEC2B2969BC2A004D4074 /* Data.json */ = {isa = PBXFileReference; fileEncoding = 4; lastKnownFileType = text.json; path = Data.json; sourceTree = "<group>"; };
		E3CFEC2D2969BC5A004D4074 /* Book.swift */ = {isa = PBXFileReference; lastKnownFileType = sourcecode.swift; path = Book.swift; sourceTree = "<group>"; };
		E3CFEC302969BDD8004D4074 /* DataService.swift */ = {isa = PBXFileReference; lastKnownFileType = sourcecode.swift; path = DataService.swift; sourceTree = "<group>"; };
		E3CFEC342969C03C004D4074 /* BookModel.swift */ = {isa = PBXFileReference; lastKnownFileType = sourcecode.swift; path = BookModel.swift; sourceTree = "<group>"; };
		E3CFEC362969C9AB004D4074 /* BookView.swift */ = {isa = PBXFileReference; lastKnownFileType = sourcecode.swift; path = BookView.swift; sourceTree = "<group>"; };
		E3CFEC382969CD49004D4074 /* BookDetailView.swift */ = {isa = PBXFileReference; lastKnownFileType = sourcecode.swift; path = BookDetailView.swift; sourceTree = "<group>"; };
		E3CFEC3A2969D054004D4074 /* BookPages.swift */ = {isa = PBXFileReference; lastKnownFileType = sourcecode.swift; path = BookPages.swift; sourceTree = "<group>"; };
/* End PBXFileReference section */

/* Begin PBXFrameworksBuildPhase section */
		E3CFEC132969BB65004D4074 /* Frameworks */ = {
			isa = PBXFrameworksBuildPhase;
			buildActionMask = 2147483647;
			files = (
			);
			runOnlyForDeploymentPostprocessing = 0;
		};
/* End PBXFrameworksBuildPhase section */

/* Begin PBXGroup section */
		E3CFEC0D2969BB65004D4074 = {
			isa = PBXGroup;
			children = (
				E3CFEC182969BB65004D4074 /* M04L15 */,
				E3CFEC172969BB65004D4074 /* Products */,
			);
			sourceTree = "<group>";
		};
		E3CFEC172969BB65004D4074 /* Products */ = {
			isa = PBXGroup;
			children = (
				E3CFEC162969BB65004D4074 /* M04L15.app */,
			);
			name = Products;
			sourceTree = "<group>";
		};
		E3CFEC182969BB65004D4074 /* M04L15 */ = {
			isa = PBXGroup;
			children = (
				E3CFEC192969BB65004D4074 /* M04L15App.swift */,
				E3CFEC282969BB99004D4074 /* Data */,
				E3CFEC2F2969BDA2004D4074 /* DataService */,
				E3CFEC272969BB7C004D4074 /* Models */,
				E3CFEC332969BFF3004D4074 /* Views */,
				E3CFEC322969BFC2004D4074 /* ViewModels */,
				E3CFEC1D2969BB66004D4074 /* Assets.xcassets */,
				E3CFEC1F2969BB66004D4074 /* Preview Content */,
			);
			path = M04L15;
			sourceTree = "<group>";
		};
		E3CFEC1F2969BB66004D4074 /* Preview Content */ = {
			isa = PBXGroup;
			children = (
				E3CFEC202969BB66004D4074 /* Preview Assets.xcassets */,
			);
			path = "Preview Content";
			sourceTree = "<group>";
		};
		E3CFEC272969BB7C004D4074 /* Models */ = {
			isa = PBXGroup;
			children = (
				E3CFEC2D2969BC5A004D4074 /* Book.swift */,
			);
			path = Models;
			sourceTree = "<group>";
		};
		E3CFEC282969BB99004D4074 /* Data */ = {
			isa = PBXGroup;
			children = (
				E3CFEC2B2969BC2A004D4074 /* Data.json */,
			);
			path = Data;
			sourceTree = "<group>";
		};
		E3CFEC2F2969BDA2004D4074 /* DataService */ = {
			isa = PBXGroup;
			children = (
				E3CFEC302969BDD8004D4074 /* DataService.swift */,
			);
			path = DataService;
			sourceTree = "<group>";
		};
		E3CFEC322969BFC2004D4074 /* ViewModels */ = {
			isa = PBXGroup;
			children = (
				E3CFEC342969C03C004D4074 /* BookModel.swift */,
			);
			path = ViewModels;
			sourceTree = "<group>";
		};
		E3CFEC332969BFF3004D4074 /* Views */ = {
			isa = PBXGroup;
			children = (
				E3CFEC1B2969BB65004D4074 /* LibraryView.swift */,
				E3CFEC362969C9AB004D4074 /* BookView.swift */,
				E3CFEC382969CD49004D4074 /* BookDetailView.swift */,
				E3CFEC3A2969D054004D4074 /* BookPages.swift */,
			);
			path = Views;
			sourceTree = "<group>";
		};
/* End PBXGroup section */

/* Begin PBXNativeTarget section */
		E3CFEC152969BB65004D4074 /* M04L15 */ = {
			isa = PBXNativeTarget;
			buildConfigurationList = E3CFEC242969BB66004D4074 /* Build configuration list for PBXNativeTarget "M04L15" */;
			buildPhases = (
				E3CFEC122969BB65004D4074 /* Sources */,
				E3CFEC132969BB65004D4074 /* Frameworks */,
				E3CFEC142969BB65004D4074 /* Resources */,
			);
			buildRules = (
			);
			dependencies = (
			);
			name = M04L15;
			productName = M04L15;
			productReference = E3CFEC162969BB65004D4074 /* M04L15.app */;
			productType = "com.apple.product-type.application";
		};
/* End PBXNativeTarget section */

/* Begin PBXProject section */
		E3CFEC0E2969BB65004D4074 /* Project object */ = {
			isa = PBXProject;
			attributes = {
				BuildIndependentTargetsInParallel = 1;
				LastSwiftUpdateCheck = 1420;
				LastUpgradeCheck = 1420;
				TargetAttributes = {
					E3CFEC152969BB65004D4074 = {
						CreatedOnToolsVersion = 14.2;
					};
				};
			};
			buildConfigurationList = E3CFEC112969BB65004D4074 /* Build configuration list for PBXProject "M04L15" */;
			compatibilityVersion = "Xcode 14.0";
			developmentRegion = en;
			hasScannedForEncodings = 0;
			knownRegions = (
				en,
				Base,
			);
			mainGroup = E3CFEC0D2969BB65004D4074;
			productRefGroup = E3CFEC172969BB65004D4074 /* Products */;
			projectDirPath = "";
			projectRoot = "";
			targets = (
				E3CFEC152969BB65004D4074 /* M04L15 */,
			);
		};
/* End PBXProject section */

/* Begin PBXResourcesBuildPhase section */
		E3CFEC142969BB65004D4074 /* Resources */ = {
			isa = PBXResourcesBuildPhase;
			buildActionMask = 2147483647;
			files = (
				E3CFEC212969BB66004D4074 /* Preview Assets.xcassets in Resources */,
				E3CFEC1E2969BB66004D4074 /* Assets.xcassets in Resources */,
				E3CFEC2C2969BC2A004D4074 /* Data.json in Resources */,
			);
			runOnlyForDeploymentPostprocessing = 0;
		};
/* End PBXResourcesBuildPhase section */

/* Begin PBXSourcesBuildPhase section */
		E3CFEC122969BB65004D4074 /* Sources */ = {
			isa = PBXSourcesBuildPhase;
			buildActionMask = 2147483647;
			files = (
				E3CFEC352969C03C004D4074 /* BookModel.swift in Sources */,
				E3CFEC1C2969BB65004D4074 /* LibraryView.swift in Sources */,
				E3CFEC1A2969BB65004D4074 /* M04L15App.swift in Sources */,
				E3CFEC372969C9AB004D4074 /* BookView.swift in Sources */,
				E3CFEC2E2969BC5A004D4074 /* Book.swift in Sources */,
				E3CFEC3B2969D054004D4074 /* BookPages.swift in Sources */,
				E3CFEC312969BDD8004D4074 /* DataService.swift in Sources */,
				E3CFEC392969CD49004D4074 /* BookDetailView.swift in Sources */,
			);
			runOnlyForDeploymentPostprocessing = 0;
		};
/* End PBXSourcesBuildPhase section */

/* Begin XCBuildConfiguration section */
		E3CFEC222969BB66004D4074 /* Debug */ = {
			isa = XCBuildConfiguration;
			buildSettings = {
				ALWAYS_SEARCH_USER_PATHS = NO;
				CLANG_ANALYZER_NONNULL = YES;
				CLANG_ANALYZER_NUMBER_OBJECT_CONVERSION = YES_AGGRESSIVE;
				CLANG_CXX_LANGUAGE_STANDARD = "gnu++20";
				CLANG_ENABLE_MODULES = YES;
				CLANG_ENABLE_OBJC_ARC = YES;
				CLANG_ENABLE_OBJC_WEAK = YES;
				CLANG_WARN_BLOCK_CAPTURE_AUTORELEASING = YES;
				CLANG_WARN_BOOL_CONVERSION = YES;
				CLANG_WARN_COMMA = YES;
				CLANG_WARN_CONSTANT_CONVERSION = YES;
				CLANG_WARN_DEPRECATED_OBJC_IMPLEMENTATIONS = YES;
				CLANG_WARN_DIRECT_OBJC_ISA_USAGE = YES_ERROR;
				CLANG_WARN_DOCUMENTATION_COMMENTS = YES;
				CLANG_WARN_EMPTY_BODY = YES;
				CLANG_WARN_ENUM_CONVERSION = YES;
				CLANG_WARN_INFINITE_RECURSION = YES;
				CLANG_WARN_INT_CONVERSION = YES;
				CLANG_WARN_NON_LITERAL_NULL_CONVERSION = YES;
				CLANG_WARN_OBJC_IMPLICIT_RETAIN_SELF = YES;
				CLANG_WARN_OBJC_LITERAL_CONVERSION = YES;
				CLANG_WARN_OBJC_ROOT_CLASS = YES_ERROR;
				CLANG_WARN_QUOTED_INCLUDE_IN_FRAMEWORK_HEADER = YES;
				CLANG_WARN_RANGE_LOOP_ANALYSIS = YES;
				CLANG_WARN_STRICT_PROTOTYPES = YES;
				CLANG_WARN_SUSPICIOUS_MOVE = YES;
				CLANG_WARN_UNGUARDED_AVAILABILITY = YES_AGGRESSIVE;
				CLANG_WARN_UNREACHABLE_CODE = YES;
				CLANG_WARN__DUPLICATE_METHOD_MATCH = YES;
				COPY_PHASE_STRIP = NO;
				DEBUG_INFORMATION_FORMAT = dwarf;
				ENABLE_STRICT_OBJC_MSGSEND = YES;
				ENABLE_TESTABILITY = YES;
				GCC_C_LANGUAGE_STANDARD = gnu11;
				GCC_DYNAMIC_NO_PIC = NO;
				GCC_NO_COMMON_BLOCKS = YES;
				GCC_OPTIMIZATION_LEVEL = 0;
				GCC_PREPROCESSOR_DEFINITIONS = (
					"DEBUG=1",
					"$(inherited)",
				);
				GCC_WARN_64_TO_32_BIT_CONVERSION = YES;
				GCC_WARN_ABOUT_RETURN_TYPE = YES_ERROR;
				GCC_WARN_UNDECLARED_SELECTOR = YES;
				GCC_WARN_UNINITIALIZED_AUTOS = YES_AGGRESSIVE;
				GCC_WARN_UNUSED_FUNCTION = YES;
				GCC_WARN_UNUSED_VARIABLE = YES;
				IPHONEOS_DEPLOYMENT_TARGET = 16.2;
				MTL_ENABLE_DEBUG_INFO = INCLUDE_SOURCE;
				MTL_FAST_MATH = YES;
				ONLY_ACTIVE_ARCH = YES;
				SDKROOT = iphoneos;
				SWIFT_ACTIVE_COMPILATION_CONDITIONS = DEBUG;
				SWIFT_OPTIMIZATION_LEVEL = "-Onone";
			};
			name = Debug;
		};
		E3CFEC232969BB66004D4074 /* Release */ = {
			isa = XCBuildConfiguration;
			buildSettings = {
				ALWAYS_SEARCH_USER_PATHS = NO;
				CLANG_ANALYZER_NONNULL = YES;
				CLANG_ANALYZER_NUMBER_OBJECT_CONVERSION = YES_AGGRESSIVE;
				CLANG_CXX_LANGUAGE_STANDARD = "gnu++20";
				CLANG_ENABLE_MODULES = YES;
				CLANG_ENABLE_OBJC_ARC = YES;
				CLANG_ENABLE_OBJC_WEAK = YES;
				CLANG_WARN_BLOCK_CAPTURE_AUTORELEASING = YES;
				CLANG_WARN_BOOL_CONVERSION = YES;
				CLANG_WARN_COMMA = YES;
				CLANG_WARN_CONSTANT_CONVERSION = YES;
				CLANG_WARN_DEPRECATED_OBJC_IMPLEMENTATIONS = YES;
				CLANG_WARN_DIRECT_OBJC_ISA_USAGE = YES_ERROR;
				CLANG_WARN_DOCUMENTATION_COMMENTS = YES;
				CLANG_WARN_EMPTY_BODY = YES;
				CLANG_WARN_ENUM_CONVERSION = YES;
				CLANG_WARN_INFINITE_RECURSION = YES;
				CLANG_WARN_INT_CONVERSION = YES;
				CLANG_WARN_NON_LITERAL_NULL_CONVERSION = YES;
				CLANG_WARN_OBJC_IMPLICIT_RETAIN_SELF = YES;
				CLANG_WARN_OBJC_LITERAL_CONVERSION = YES;
				CLANG_WARN_OBJC_ROOT_CLASS = YES_ERROR;
				CLANG_WARN_QUOTED_INCLUDE_IN_FRAMEWORK_HEADER = YES;
				CLANG_WARN_RANGE_LOOP_ANALYSIS = YES;
				CLANG_WARN_STRICT_PROTOTYPES = YES;
				CLANG_WARN_SUSPICIOUS_MOVE = YES;
				CLANG_WARN_UNGUARDED_AVAILABILITY = YES_AGGRESSIVE;
				CLANG_WARN_UNREACHABLE_CODE = YES;
				CLANG_WARN__DUPLICATE_METHOD_MATCH = YES;
				COPY_PHASE_STRIP = NO;
				DEBUG_INFORMATION_FORMAT = "dwarf-with-dsym";
				ENABLE_NS_ASSERTIONS = NO;
				ENABLE_STRICT_OBJC_MSGSEND = YES;
				GCC_C_LANGUAGE_STANDARD = gnu11;
				GCC_NO_COMMON_BLOCKS = YES;
				GCC_WARN_64_TO_32_BIT_CONVERSION = YES;
				GCC_WARN_ABOUT_RETURN_TYPE = YES_ERROR;
				GCC_WARN_UNDECLARED_SELECTOR = YES;
				GCC_WARN_UNINITIALIZED_AUTOS = YES_AGGRESSIVE;
				GCC_WARN_UNUSED_FUNCTION = YES;
				GCC_WARN_UNUSED_VARIABLE = YES;
				IPHONEOS_DEPLOYMENT_TARGET = 16.2;
				MTL_ENABLE_DEBUG_INFO = NO;
				MTL_FAST_MATH = YES;
				SDKROOT = iphoneos;
				SWIFT_COMPILATION_MODE = wholemodule;
				SWIFT_OPTIMIZATION_LEVEL = "-O";
				VALIDATE_PRODUCT = YES;
			};
			name = Release;
		};
		E3CFEC252969BB66004D4074 /* Debug */ = {
			isa = XCBuildConfiguration;
			buildSettings = {
				ASSETCATALOG_COMPILER_APPICON_NAME = AppIcon;
				ASSETCATALOG_COMPILER_GLOBAL_ACCENT_COLOR_NAME = AccentColor;
				CODE_SIGN_STYLE = Automatic;
				CURRENT_PROJECT_VERSION = 1;
				DEVELOPMENT_ASSET_PATHS = "\"M04L15/Preview Content\"";
				ENABLE_PREVIEWS = YES;
				GENERATE_INFOPLIST_FILE = YES;
				INFOPLIST_KEY_UIApplicationSceneManifest_Generation = YES;
				INFOPLIST_KEY_UIApplicationSupportsIndirectInputEvents = YES;
				INFOPLIST_KEY_UILaunchScreen_Generation = YES;
				INFOPLIST_KEY_UISupportedInterfaceOrientations_iPad = "UIInterfaceOrientationPortrait UIInterfaceOrientationPortraitUpsideDown UIInterfaceOrientationLandscapeLeft UIInterfaceOrientationLandscapeRight";
				INFOPLIST_KEY_UISupportedInterfaceOrientations_iPhone = "UIInterfaceOrientationPortrait UIInterfaceOrientationLandscapeLeft UIInterfaceOrientationLandscapeRight";
				LD_RUNPATH_SEARCH_PATHS = (
					"$(inherited)",
					"@executable_path/Frameworks",
				);
				MARKETING_VERSION = 1.0;
				PRODUCT_BUNDLE_IDENTIFIER = jcalderita.M04L15;
				PRODUCT_NAME = "$(TARGET_NAME)";
				SWIFT_EMIT_LOC_STRINGS = YES;
				SWIFT_VERSION = 5.0;
				TARGETED_DEVICE_FAMILY = "1,2";
			};
			name = Debug;
		};
		E3CFEC262969BB66004D4074 /* Release */ = {
			isa = XCBuildConfiguration;
			buildSettings = {
				ASSETCATALOG_COMPILER_APPICON_NAME = AppIcon;
				ASSETCATALOG_COMPILER_GLOBAL_ACCENT_COLOR_NAME = AccentColor;
				CODE_SIGN_STYLE = Automatic;
				CURRENT_PROJECT_VERSION = 1;
				DEVELOPMENT_ASSET_PATHS = "\"M04L15/Preview Content\"";
				ENABLE_PREVIEWS = YES;
				GENERATE_INFOPLIST_FILE = YES;
				INFOPLIST_KEY_UIApplicationSceneManifest_Generation = YES;
				INFOPLIST_KEY_UIApplicationSupportsIndirectInputEvents = YES;
				INFOPLIST_KEY_UILaunchScreen_Generation = YES;
				INFOPLIST_KEY_UISupportedInterfaceOrientations_iPad = "UIInterfaceOrientationPortrait UIInterfaceOrientationPortraitUpsideDown UIInterfaceOrientationLandscapeLeft UIInterfaceOrientationLandscapeRight";
				INFOPLIST_KEY_UISupportedInterfaceOrientations_iPhone = "UIInterfaceOrientationPortrait UIInterfaceOrientationLandscapeLeft UIInterfaceOrientationLandscapeRight";
				LD_RUNPATH_SEARCH_PATHS = (
					"$(inherited)",
					"@executable_path/Frameworks",
				);
				MARKETING_VERSION = 1.0;
				PRODUCT_BUNDLE_IDENTIFIER = jcalderita.M04L15;
				PRODUCT_NAME = "$(TARGET_NAME)";
				SWIFT_EMIT_LOC_STRINGS = YES;
				SWIFT_VERSION = 5.0;
				TARGETED_DEVICE_FAMILY = "1,2";
			};
			name = Release;
		};
/* End XCBuildConfiguration section */

/* Begin XCConfigurationList section */
		E3CFEC112969BB65004D4074 /* Build configuration list for PBXProject "M04L15" */ = {
			isa = XCConfigurationList;
			buildConfigurations = (
				E3CFEC222969BB66004D4074 /* Debug */,
				E3CFEC232969BB66004D4074 /* Release */,
			);
			defaultConfigurationIsVisible = 0;
			defaultConfigurationName = Release;
		};
		E3CFEC242969BB66004D4074 /* Build configuration list for PBXNativeTarget "M04L15" */ = {
			isa = XCConfigurationList;
			buildConfigurations = (
				E3CFEC252969BB66004D4074 /* Debug */,
				E3CFEC262969BB66004D4074 /* Release */,
			);
			defaultConfigurationIsVisible = 0;
			defaultConfigurationName = Release;
		};
/* End XCConfigurationList section */
	};
	rootObject = E3CFEC0E2969BB65004D4074 /* Project object */;
}
